{
  "requires": true,
  "lockfileVersion": 1,
  "dependencies": {
    "bad-words": {
      "version": "3.0.3",
      "resolved": "https://registry.npmjs.org/bad-words/-/bad-words-3.0.3.tgz",
      "integrity": "sha512-To+nGz+U8SpEQieZ2kSadY/1hVO88UXAslCJuTgLjDOuGrs/tNW2BYwl0fctxcRLooe0nzYN1pGzgvRIrd0BeA==",
      "requires": {
        "badwords-list": "^1.0.0"
      }
    },
    "badwords-list": {
      "version": "1.0.0",
      "resolved": "https://registry.npmjs.org/badwords-list/-/badwords-list-1.0.0.tgz",
      "integrity": "sha1-XphW2/E0gqKVw7CzBK+51M/FxXk="
    },
    "capitalize-sentence": {
      "version": "0.1.5",
      "resolved": "https://registry.npmjs.org/capitalize-sentence/-/capitalize-sentence-0.1.5.tgz",
      "integrity": "sha1-e/LtUdyKoqY8lPgkA55KphS3HeY="
    }
  }
}
